// !$*UTF8*$!
{
	archiveVersion = 1;
	classes = {
	};
	objectVersion = 46;
	objects = {

/* Begin PBXAggregateTarget section */
		"drafter::drafterPackageTests::ProductTarget" /* drafterPackageTests */ = {
			isa = PBXAggregateTarget;
			buildConfigurationList = OBJ_202 /* Build configuration list for PBXAggregateTarget "drafterPackageTests" */;
			buildPhases = (
			);
			dependencies = (
				OBJ_205 /* PBXTargetDependency */,
			);
			name = drafterPackageTests;
			productName = drafterPackageTests;
		};
/* End PBXAggregateTarget section */

/* Begin PBXBuildFile section */
		OBJ_107 /* CombinatorTest.swift in Sources */ = {isa = PBXBuildFile; fileRef = OBJ_82 /* CombinatorTest.swift */; };
		OBJ_108 /* ImplementationTest.swift in Sources */ = {isa = PBXBuildFile; fileRef = OBJ_83 /* ImplementationTest.swift */; };
		OBJ_109 /* InterfaceTest.swift in Sources */ = {isa = PBXBuildFile; fileRef = OBJ_84 /* InterfaceTest.swift */; };
		OBJ_110 /* OCMethodTest.swift in Sources */ = {isa = PBXBuildFile; fileRef = OBJ_85 /* OCMethodTest.swift */; };
		OBJ_111 /* OCMsgSendTest.swift in Sources */ = {isa = PBXBuildFile; fileRef = OBJ_86 /* OCMsgSendTest.swift */; };
		OBJ_112 /* SwiftClassParserTest.swift in Sources */ = {isa = PBXBuildFile; fileRef = OBJ_87 /* SwiftClassParserTest.swift */; };
		OBJ_113 /* SwiftMethodInvokeTest.swift in Sources */ = {isa = PBXBuildFile; fileRef = OBJ_88 /* SwiftMethodInvokeTest.swift */; };
		OBJ_114 /* SwiftMethodTest.swift in Sources */ = {isa = PBXBuildFile; fileRef = OBJ_89 /* SwiftMethodTest.swift */; };
		OBJ_115 /* SwiftProtocolParserTest.swift in Sources */ = {isa = PBXBuildFile; fileRef = OBJ_90 /* SwiftProtocolParserTest.swift */; };
		OBJ_117 /* PathKit.framework in Frameworks */ = {isa = PBXBuildFile; fileRef = "PathKit::PathKit::Product" /* PathKit.framework */; };
		OBJ_126 /* PathKit.swift in Sources */ = {isa = PBXBuildFile; fileRef = OBJ_97 /* PathKit.swift */; };
		OBJ_133 /* Package.swift in Sources */ = {isa = PBXBuildFile; fileRef = OBJ_96 /* Package.swift */; };
		OBJ_138 /* ClassNode.swift in Sources */ = {isa = PBXBuildFile; fileRef = OBJ_10 /* ClassNode.swift */; };
		OBJ_139 /* ImplementationNode.swift in Sources */ = {isa = PBXBuildFile; fileRef = OBJ_11 /* ImplementationNode.swift */; };
		OBJ_140 /* InterfaceNode.swift in Sources */ = {isa = PBXBuildFile; fileRef = OBJ_12 /* InterfaceNode.swift */; };
		OBJ_141 /* MethodInvokeNode.swift in Sources */ = {isa = PBXBuildFile; fileRef = OBJ_13 /* MethodInvokeNode.swift */; };
		OBJ_142 /* MethodNode.swift in Sources */ = {isa = PBXBuildFile; fileRef = OBJ_14 /* MethodNode.swift */; };
		OBJ_143 /* ProtocolNode.swift in Sources */ = {isa = PBXBuildFile; fileRef = OBJ_15 /* ProtocolNode.swift */; };
		OBJ_144 /* CodableExtension.swift in Sources */ = {isa = PBXBuildFile; fileRef = OBJ_17 /* CodableExtension.swift */; };
		OBJ_145 /* Drafter.swift in Sources */ = {isa = PBXBuildFile; fileRef = OBJ_18 /* Drafter.swift */; };
		OBJ_146 /* DotGenerator.swift in Sources */ = {isa = PBXBuildFile; fileRef = OBJ_20 /* DotGenerator.swift */; };
		OBJ_147 /* Executor.swift in Sources */ = {isa = PBXBuildFile; fileRef = OBJ_21 /* Executor.swift */; };
		OBJ_148 /* Lexer.swift in Sources */ = {isa = PBXBuildFile; fileRef = OBJ_23 /* Lexer.swift */; };
		OBJ_149 /* SourceLexer.swift in Sources */ = {isa = PBXBuildFile; fileRef = OBJ_24 /* SourceLexer.swift */; };
		OBJ_150 /* Token.swift in Sources */ = {isa = PBXBuildFile; fileRef = OBJ_25 /* Token.swift */; };
		OBJ_151 /* TokenLexer.swift in Sources */ = {isa = PBXBuildFile; fileRef = OBJ_26 /* TokenLexer.swift */; };
		OBJ_152 /* Alternative.swift in Sources */ = {isa = PBXBuildFile; fileRef = OBJ_30 /* Alternative.swift */; };
		OBJ_153 /* Applicative.swift in Sources */ = {isa = PBXBuildFile; fileRef = OBJ_31 /* Applicative.swift */; };
		OBJ_154 /* Extensions.swift in Sources */ = {isa = PBXBuildFile; fileRef = OBJ_32 /* Extensions.swift */; };
		OBJ_155 /* Functor.swift in Sources */ = {isa = PBXBuildFile; fileRef = OBJ_33 /* Functor.swift */; };
		OBJ_156 /* Monad.swift in Sources */ = {isa = PBXBuildFile; fileRef = OBJ_34 /* Monad.swift */; };
		OBJ_157 /* Operator.swift in Sources */ = {isa = PBXBuildFile; fileRef = OBJ_36 /* Operator.swift */; };
		OBJ_158 /* Parser.swift in Sources */ = {isa = PBXBuildFile; fileRef = OBJ_37 /* Parser.swift */; };
		OBJ_159 /* ParserResult.swift in Sources */ = {isa = PBXBuildFile; fileRef = OBJ_38 /* ParserResult.swift */; };
		OBJ_160 /* ParserType.swift in Sources */ = {isa = PBXBuildFile; fileRef = OBJ_39 /* ParserType.swift */; };
		OBJ_161 /* FileParser.swift in Sources */ = {isa = PBXBuildFile; fileRef = OBJ_40 /* FileParser.swift */; };
		OBJ_162 /* FileParserResult.swift in Sources */ = {isa = PBXBuildFile; fileRef = OBJ_41 /* FileParserResult.swift */; };
		OBJ_163 /* ImplementationParser.swift in Sources */ = {isa = PBXBuildFile; fileRef = OBJ_43 /* ImplementationParser.swift */; };
		OBJ_164 /* InterfaceParser.swift in Sources */ = {isa = PBXBuildFile; fileRef = OBJ_44 /* InterfaceParser.swift */; };
		OBJ_165 /* ObjcMessageParser.swift in Sources */ = {isa = PBXBuildFile; fileRef = OBJ_45 /* ObjcMessageParser.swift */; };
		OBJ_166 /* ObjcMethodParser.swift in Sources */ = {isa = PBXBuildFile; fileRef = OBJ_46 /* ObjcMethodParser.swift */; };
		OBJ_167 /* SwiftClassParser.swift in Sources */ = {isa = PBXBuildFile; fileRef = OBJ_48 /* SwiftClassParser.swift */; };
		OBJ_168 /* SwiftInvokeParser.swift in Sources */ = {isa = PBXBuildFile; fileRef = OBJ_49 /* SwiftInvokeParser.swift */; };
		OBJ_169 /* SwiftMethodParser.swift in Sources */ = {isa = PBXBuildFile; fileRef = OBJ_50 /* SwiftMethodParser.swift */; };
		OBJ_170 /* SwiftParser.swift in Sources */ = {isa = PBXBuildFile; fileRef = OBJ_51 /* SwiftParser.swift */; };
		OBJ_171 /* SwiftProtocolParser.swift in Sources */ = {isa = PBXBuildFile; fileRef = OBJ_52 /* SwiftProtocolParser.swift */; };
		OBJ_172 /* ParserRunner.swift in Sources */ = {isa = PBXBuildFile; fileRef = OBJ_53 /* ParserRunner.swift */; };
		OBJ_173 /* CommandLine.swift in Sources */ = {isa = PBXBuildFile; fileRef = OBJ_56 /* CommandLine.swift */; };
		OBJ_174 /* Option.swift in Sources */ = {isa = PBXBuildFile; fileRef = OBJ_57 /* Option.swift */; };
		OBJ_175 /* StringExtensions.swift in Sources */ = {isa = PBXBuildFile; fileRef = OBJ_58 /* StringExtensions.swift */; };
		OBJ_176 /* Array+Alternative.swift in Sources */ = {isa = PBXBuildFile; fileRef = OBJ_61 /* Array+Alternative.swift */; };
		OBJ_177 /* Array+Applicative.swift in Sources */ = {isa = PBXBuildFile; fileRef = OBJ_62 /* Array+Applicative.swift */; };
		OBJ_178 /* Array+Functor.swift in Sources */ = {isa = PBXBuildFile; fileRef = OBJ_63 /* Array+Functor.swift */; };
		OBJ_179 /* Array+Monad.swift in Sources */ = {isa = PBXBuildFile; fileRef = OBJ_64 /* Array+Monad.swift */; };
		OBJ_180 /* Curry.swift in Sources */ = {isa = PBXBuildFile; fileRef = OBJ_65 /* Curry.swift */; };
		OBJ_181 /* Optional+Alternative.swift in Sources */ = {isa = PBXBuildFile; fileRef = OBJ_67 /* Optional+Alternative.swift */; };
		OBJ_182 /* Optional+Applicative.swift in Sources */ = {isa = PBXBuildFile; fileRef = OBJ_68 /* Optional+Applicative.swift */; };
		OBJ_183 /* Optional+Functor.swift in Sources */ = {isa = PBXBuildFile; fileRef = OBJ_69 /* Optional+Functor.swift */; };
		OBJ_184 /* Optional+Monad.swift in Sources */ = {isa = PBXBuildFile; fileRef = OBJ_70 /* Optional+Monad.swift */; };
		OBJ_185 /* Runes.swift in Sources */ = {isa = PBXBuildFile; fileRef = OBJ_71 /* Runes.swift */; };
		OBJ_186 /* MD5.swift in Sources */ = {isa = PBXBuildFile; fileRef = OBJ_73 /* MD5.swift */; };
		OBJ_187 /* Array+Extension.swift in Sources */ = {isa = PBXBuildFile; fileRef = OBJ_75 /* Array+Extension.swift */; };
		OBJ_188 /* AutoCodable.swift in Sources */ = {isa = PBXBuildFile; fileRef = OBJ_76 /* AutoCodable.swift */; };
		OBJ_189 /* Path+Extension.swift in Sources */ = {isa = PBXBuildFile; fileRef = OBJ_77 /* Path+Extension.swift */; };
		OBJ_190 /* String+Extension.swift in Sources */ = {isa = PBXBuildFile; fileRef = OBJ_78 /* String+Extension.swift */; };
		OBJ_191 /* main.swift in Sources */ = {isa = PBXBuildFile; fileRef = OBJ_79 /* main.swift */; };
		OBJ_193 /* PathKit.framework in Frameworks */ = {isa = PBXBuildFile; fileRef = "PathKit::PathKit::Product" /* PathKit.framework */; };
		OBJ_200 /* Package.swift in Sources */ = {isa = PBXBuildFile; fileRef = OBJ_6 /* Package.swift */; };
/* End PBXBuildFile section */

/* Begin PBXContainerItemProxy section */
		60D4DD0B20CF6B03004C6761 /* PBXContainerItemProxy */ = {
			isa = PBXContainerItemProxy;
			containerPortal = OBJ_1 /* Project object */;
			proxyType = 1;
			remoteGlobalIDString = "PathKit::PathKit";
			remoteInfo = PathKit;
		};
		60D4DD0C20CF6B03004C6761 /* PBXContainerItemProxy */ = {
			isa = PBXContainerItemProxy;
			containerPortal = OBJ_1 /* Project object */;
			proxyType = 1;
			remoteGlobalIDString = "drafter::drafter";
			remoteInfo = drafter;
		};
		60D4DD0D20CF6B03004C6761 /* PBXContainerItemProxy */ = {
			isa = PBXContainerItemProxy;
			containerPortal = OBJ_1 /* Project object */;
			proxyType = 1;
			remoteGlobalIDString = "PathKit::PathKit";
			remoteInfo = PathKit;
		};
		60D4DD0E20CF6B03004C6761 /* PBXContainerItemProxy */ = {
			isa = PBXContainerItemProxy;
			containerPortal = OBJ_1 /* Project object */;
			proxyType = 1;
			remoteGlobalIDString = "drafter::DrafterTests";
			remoteInfo = DrafterTests;
		};
/* End PBXContainerItemProxy section */

/* Begin PBXFileReference section */
		OBJ_10 /* ClassNode.swift */ = {isa = PBXFileReference; lastKnownFileType = sourcecode.swift; path = ClassNode.swift; sourceTree = "<group>"; };
		OBJ_11 /* ImplementationNode.swift */ = {isa = PBXFileReference; lastKnownFileType = sourcecode.swift; path = ImplementationNode.swift; sourceTree = "<group>"; };
		OBJ_12 /* InterfaceNode.swift */ = {isa = PBXFileReference; lastKnownFileType = sourcecode.swift; path = InterfaceNode.swift; sourceTree = "<group>"; };
		OBJ_13 /* MethodInvokeNode.swift */ = {isa = PBXFileReference; lastKnownFileType = sourcecode.swift; path = MethodInvokeNode.swift; sourceTree = "<group>"; };
		OBJ_14 /* MethodNode.swift */ = {isa = PBXFileReference; lastKnownFileType = sourcecode.swift; path = MethodNode.swift; sourceTree = "<group>"; };
		OBJ_15 /* ProtocolNode.swift */ = {isa = PBXFileReference; lastKnownFileType = sourcecode.swift; path = ProtocolNode.swift; sourceTree = "<group>"; };
		OBJ_17 /* CodableExtension.swift */ = {isa = PBXFileReference; lastKnownFileType = sourcecode.swift; path = CodableExtension.swift; sourceTree = "<group>"; };
		OBJ_18 /* Drafter.swift */ = {isa = PBXFileReference; lastKnownFileType = sourcecode.swift; path = Drafter.swift; sourceTree = "<group>"; };
		OBJ_20 /* DotGenerator.swift */ = {isa = PBXFileReference; lastKnownFileType = sourcecode.swift; path = DotGenerator.swift; sourceTree = "<group>"; };
		OBJ_21 /* Executor.swift */ = {isa = PBXFileReference; lastKnownFileType = sourcecode.swift; path = Executor.swift; sourceTree = "<group>"; };
		OBJ_23 /* Lexer.swift */ = {isa = PBXFileReference; lastKnownFileType = sourcecode.swift; path = Lexer.swift; sourceTree = "<group>"; };
		OBJ_24 /* SourceLexer.swift */ = {isa = PBXFileReference; lastKnownFileType = sourcecode.swift; path = SourceLexer.swift; sourceTree = "<group>"; };
		OBJ_25 /* Token.swift */ = {isa = PBXFileReference; lastKnownFileType = sourcecode.swift; path = Token.swift; sourceTree = "<group>"; };
		OBJ_26 /* TokenLexer.swift */ = {isa = PBXFileReference; lastKnownFileType = sourcecode.swift; path = TokenLexer.swift; sourceTree = "<group>"; };
		OBJ_30 /* Alternative.swift */ = {isa = PBXFileReference; lastKnownFileType = sourcecode.swift; path = Alternative.swift; sourceTree = "<group>"; };
		OBJ_31 /* Applicative.swift */ = {isa = PBXFileReference; lastKnownFileType = sourcecode.swift; path = Applicative.swift; sourceTree = "<group>"; };
		OBJ_32 /* Extensions.swift */ = {isa = PBXFileReference; lastKnownFileType = sourcecode.swift; path = Extensions.swift; sourceTree = "<group>"; };
		OBJ_33 /* Functor.swift */ = {isa = PBXFileReference; lastKnownFileType = sourcecode.swift; path = Functor.swift; sourceTree = "<group>"; };
		OBJ_34 /* Monad.swift */ = {isa = PBXFileReference; lastKnownFileType = sourcecode.swift; path = Monad.swift; sourceTree = "<group>"; };
		OBJ_36 /* Operator.swift */ = {isa = PBXFileReference; lastKnownFileType = sourcecode.swift; path = Operator.swift; sourceTree = "<group>"; };
		OBJ_37 /* Parser.swift */ = {isa = PBXFileReference; lastKnownFileType = sourcecode.swift; path = Parser.swift; sourceTree = "<group>"; };
		OBJ_38 /* ParserResult.swift */ = {isa = PBXFileReference; lastKnownFileType = sourcecode.swift; path = ParserResult.swift; sourceTree = "<group>"; };
		OBJ_39 /* ParserType.swift */ = {isa = PBXFileReference; lastKnownFileType = sourcecode.swift; path = ParserType.swift; sourceTree = "<group>"; };
		OBJ_40 /* FileParser.swift */ = {isa = PBXFileReference; lastKnownFileType = sourcecode.swift; path = FileParser.swift; sourceTree = "<group>"; };
		OBJ_41 /* FileParserResult.swift */ = {isa = PBXFileReference; lastKnownFileType = sourcecode.swift; path = FileParserResult.swift; sourceTree = "<group>"; };
		OBJ_43 /* ImplementationParser.swift */ = {isa = PBXFileReference; lastKnownFileType = sourcecode.swift; path = ImplementationParser.swift; sourceTree = "<group>"; };
		OBJ_44 /* InterfaceParser.swift */ = {isa = PBXFileReference; lastKnownFileType = sourcecode.swift; path = InterfaceParser.swift; sourceTree = "<group>"; };
		OBJ_45 /* ObjcMessageParser.swift */ = {isa = PBXFileReference; lastKnownFileType = sourcecode.swift; path = ObjcMessageParser.swift; sourceTree = "<group>"; };
		OBJ_46 /* ObjcMethodParser.swift */ = {isa = PBXFileReference; lastKnownFileType = sourcecode.swift; path = ObjcMethodParser.swift; sourceTree = "<group>"; };
		OBJ_48 /* SwiftClassParser.swift */ = {isa = PBXFileReference; lastKnownFileType = sourcecode.swift; path = SwiftClassParser.swift; sourceTree = "<group>"; };
		OBJ_49 /* SwiftInvokeParser.swift */ = {isa = PBXFileReference; lastKnownFileType = sourcecode.swift; path = SwiftInvokeParser.swift; sourceTree = "<group>"; };
		OBJ_50 /* SwiftMethodParser.swift */ = {isa = PBXFileReference; lastKnownFileType = sourcecode.swift; path = SwiftMethodParser.swift; sourceTree = "<group>"; };
		OBJ_51 /* SwiftParser.swift */ = {isa = PBXFileReference; lastKnownFileType = sourcecode.swift; path = SwiftParser.swift; sourceTree = "<group>"; };
		OBJ_52 /* SwiftProtocolParser.swift */ = {isa = PBXFileReference; lastKnownFileType = sourcecode.swift; path = SwiftProtocolParser.swift; sourceTree = "<group>"; };
		OBJ_53 /* ParserRunner.swift */ = {isa = PBXFileReference; lastKnownFileType = sourcecode.swift; path = ParserRunner.swift; sourceTree = "<group>"; };
		OBJ_56 /* CommandLine.swift */ = {isa = PBXFileReference; lastKnownFileType = sourcecode.swift; path = CommandLine.swift; sourceTree = "<group>"; };
		OBJ_57 /* Option.swift */ = {isa = PBXFileReference; lastKnownFileType = sourcecode.swift; path = Option.swift; sourceTree = "<group>"; };
		OBJ_58 /* StringExtensions.swift */ = {isa = PBXFileReference; lastKnownFileType = sourcecode.swift; path = StringExtensions.swift; sourceTree = "<group>"; };
		OBJ_6 /* Package.swift */ = {isa = PBXFileReference; explicitFileType = sourcecode.swift; path = Package.swift; sourceTree = "<group>"; };
		OBJ_61 /* Array+Alternative.swift */ = {isa = PBXFileReference; lastKnownFileType = sourcecode.swift; path = "Array+Alternative.swift"; sourceTree = "<group>"; };
		OBJ_62 /* Array+Applicative.swift */ = {isa = PBXFileReference; lastKnownFileType = sourcecode.swift; path = "Array+Applicative.swift"; sourceTree = "<group>"; };
		OBJ_63 /* Array+Functor.swift */ = {isa = PBXFileReference; lastKnownFileType = sourcecode.swift; path = "Array+Functor.swift"; sourceTree = "<group>"; };
		OBJ_64 /* Array+Monad.swift */ = {isa = PBXFileReference; lastKnownFileType = sourcecode.swift; path = "Array+Monad.swift"; sourceTree = "<group>"; };
		OBJ_65 /* Curry.swift */ = {isa = PBXFileReference; lastKnownFileType = sourcecode.swift; path = Curry.swift; sourceTree = "<group>"; };
		OBJ_67 /* Optional+Alternative.swift */ = {isa = PBXFileReference; lastKnownFileType = sourcecode.swift; path = "Optional+Alternative.swift"; sourceTree = "<group>"; };
		OBJ_68 /* Optional+Applicative.swift */ = {isa = PBXFileReference; lastKnownFileType = sourcecode.swift; path = "Optional+Applicative.swift"; sourceTree = "<group>"; };
		OBJ_69 /* Optional+Functor.swift */ = {isa = PBXFileReference; lastKnownFileType = sourcecode.swift; path = "Optional+Functor.swift"; sourceTree = "<group>"; };
		OBJ_70 /* Optional+Monad.swift */ = {isa = PBXFileReference; lastKnownFileType = sourcecode.swift; path = "Optional+Monad.swift"; sourceTree = "<group>"; };
		OBJ_71 /* Runes.swift */ = {isa = PBXFileReference; lastKnownFileType = sourcecode.swift; path = Runes.swift; sourceTree = "<group>"; };
		OBJ_73 /* MD5.swift */ = {isa = PBXFileReference; lastKnownFileType = sourcecode.swift; path = MD5.swift; sourceTree = "<group>"; };
		OBJ_75 /* Array+Extension.swift */ = {isa = PBXFileReference; lastKnownFileType = sourcecode.swift; path = "Array+Extension.swift"; sourceTree = "<group>"; };
		OBJ_76 /* AutoCodable.swift */ = {isa = PBXFileReference; lastKnownFileType = sourcecode.swift; path = AutoCodable.swift; sourceTree = "<group>"; };
		OBJ_77 /* Path+Extension.swift */ = {isa = PBXFileReference; lastKnownFileType = sourcecode.swift; path = "Path+Extension.swift"; sourceTree = "<group>"; };
		OBJ_78 /* String+Extension.swift */ = {isa = PBXFileReference; lastKnownFileType = sourcecode.swift; path = "String+Extension.swift"; sourceTree = "<group>"; };
		OBJ_79 /* main.swift */ = {isa = PBXFileReference; lastKnownFileType = sourcecode.swift; path = main.swift; sourceTree = "<group>"; };
		OBJ_82 /* CombinatorTest.swift */ = {isa = PBXFileReference; lastKnownFileType = sourcecode.swift; path = CombinatorTest.swift; sourceTree = "<group>"; };
		OBJ_83 /* ImplementationTest.swift */ = {isa = PBXFileReference; lastKnownFileType = sourcecode.swift; path = ImplementationTest.swift; sourceTree = "<group>"; };
		OBJ_84 /* InterfaceTest.swift */ = {isa = PBXFileReference; lastKnownFileType = sourcecode.swift; path = InterfaceTest.swift; sourceTree = "<group>"; };
		OBJ_85 /* OCMethodTest.swift */ = {isa = PBXFileReference; lastKnownFileType = sourcecode.swift; path = OCMethodTest.swift; sourceTree = "<group>"; };
		OBJ_86 /* OCMsgSendTest.swift */ = {isa = PBXFileReference; lastKnownFileType = sourcecode.swift; path = OCMsgSendTest.swift; sourceTree = "<group>"; };
		OBJ_87 /* SwiftClassParserTest.swift */ = {isa = PBXFileReference; lastKnownFileType = sourcecode.swift; path = SwiftClassParserTest.swift; sourceTree = "<group>"; };
		OBJ_88 /* SwiftMethodInvokeTest.swift */ = {isa = PBXFileReference; lastKnownFileType = sourcecode.swift; path = SwiftMethodInvokeTest.swift; sourceTree = "<group>"; };
		OBJ_89 /* SwiftMethodTest.swift */ = {isa = PBXFileReference; lastKnownFileType = sourcecode.swift; path = SwiftMethodTest.swift; sourceTree = "<group>"; };
		OBJ_90 /* SwiftProtocolParserTest.swift */ = {isa = PBXFileReference; lastKnownFileType = sourcecode.swift; path = SwiftProtocolParserTest.swift; sourceTree = "<group>"; };
		OBJ_91 /* StencilTemplate */ = {isa = PBXFileReference; lastKnownFileType = folder; path = StencilTemplate; sourceTree = SOURCE_ROOT; };
		OBJ_92 /* DrafterTests */ = {isa = PBXFileReference; lastKnownFileType = folder; path = DrafterTests; sourceTree = SOURCE_ROOT; };
		OBJ_93 /* Template */ = {isa = PBXFileReference; lastKnownFileType = folder; path = Template; sourceTree = SOURCE_ROOT; };
		OBJ_96 /* Package.swift */ = {isa = PBXFileReference; explicitFileType = sourcecode.swift; name = Package.swift; path = "/Users/zhangjun/Desktop/Drafter/.build/checkouts/PathKit.git--1865447967743163058/Package.swift"; sourceTree = "<group>"; };
		OBJ_97 /* PathKit.swift */ = {isa = PBXFileReference; lastKnownFileType = sourcecode.swift; path = PathKit.swift; sourceTree = "<group>"; };
		"PathKit::PathKit::Product" /* PathKit.framework */ = {isa = PBXFileReference; explicitFileType = wrapper.framework; path = PathKit.framework; sourceTree = BUILT_PRODUCTS_DIR; };
		"drafter::DrafterTests::Product" /* DrafterTests.xctest */ = {isa = PBXFileReference; lastKnownFileType = file; path = DrafterTests.xctest; sourceTree = BUILT_PRODUCTS_DIR; };
		"drafter::drafter::Product" /* drafter */ = {isa = PBXFileReference; lastKnownFileType = text; path = drafter; sourceTree = BUILT_PRODUCTS_DIR; };
/* End PBXFileReference section */

/* Begin PBXFrameworksBuildPhase section */
		OBJ_116 /* Frameworks */ = {
			isa = PBXFrameworksBuildPhase;
			buildActionMask = 0;
			files = (
				OBJ_117 /* PathKit.framework in Frameworks */,
			);
			runOnlyForDeploymentPostprocessing = 0;
		};
		OBJ_127 /* Frameworks */ = {
			isa = PBXFrameworksBuildPhase;
			buildActionMask = 0;
			files = (
			);
			runOnlyForDeploymentPostprocessing = 0;
		};
		OBJ_192 /* Frameworks */ = {
			isa = PBXFrameworksBuildPhase;
			buildActionMask = 0;
			files = (
				OBJ_193 /* PathKit.framework in Frameworks */,
			);
			runOnlyForDeploymentPostprocessing = 0;
		};
/* End PBXFrameworksBuildPhase section */

/* Begin PBXGroup section */
		OBJ_16 /* AutoGenerated */ = {
			isa = PBXGroup;
			children = (
				OBJ_17 /* CodableExtension.swift */,
			);
			path = AutoGenerated;
			sourceTree = "<group>";
		};
		OBJ_19 /* Generator */ = {
			isa = PBXGroup;
			children = (
				OBJ_20 /* DotGenerator.swift */,
				OBJ_21 /* Executor.swift */,
			);
			path = Generator;
			sourceTree = "<group>";
		};
		OBJ_22 /* Lexer */ = {
			isa = PBXGroup;
			children = (
				OBJ_23 /* Lexer.swift */,
				OBJ_24 /* SourceLexer.swift */,
				OBJ_25 /* Token.swift */,
				OBJ_26 /* TokenLexer.swift */,
			);
			path = Lexer;
			sourceTree = "<group>";
		};
		OBJ_27 /* Parser */ = {
			isa = PBXGroup;
			children = (
				OBJ_28 /* Core */,
				OBJ_40 /* FileParser.swift */,
				OBJ_41 /* FileParserResult.swift */,
				OBJ_42 /* OC */,
				OBJ_47 /* Swift */,
			);
			path = Parser;
			sourceTree = "<group>";
		};
		OBJ_28 /* Core */ = {
			isa = PBXGroup;
			children = (
				OBJ_29 /* Combinator */,
				OBJ_35 /* Operator */,
				OBJ_37 /* Parser.swift */,
				OBJ_38 /* ParserResult.swift */,
				OBJ_39 /* ParserType.swift */,
			);
			path = Core;
			sourceTree = "<group>";
		};
		OBJ_29 /* Combinator */ = {
			isa = PBXGroup;
			children = (
				OBJ_30 /* Alternative.swift */,
				OBJ_31 /* Applicative.swift */,
				OBJ_32 /* Extensions.swift */,
				OBJ_33 /* Functor.swift */,
				OBJ_34 /* Monad.swift */,
			);
			path = Combinator;
			sourceTree = "<group>";
		};
		OBJ_35 /* Operator */ = {
			isa = PBXGroup;
			children = (
				OBJ_36 /* Operator.swift */,
			);
			path = Operator;
			sourceTree = "<group>";
		};
		OBJ_42 /* OC */ = {
			isa = PBXGroup;
			children = (
				OBJ_43 /* ImplementationParser.swift */,
				OBJ_44 /* InterfaceParser.swift */,
				OBJ_45 /* ObjcMessageParser.swift */,
				OBJ_46 /* ObjcMethodParser.swift */,
			);
			path = OC;
			sourceTree = "<group>";
		};
		OBJ_47 /* Swift */ = {
			isa = PBXGroup;
			children = (
				OBJ_48 /* SwiftClassParser.swift */,
				OBJ_49 /* SwiftInvokeParser.swift */,
				OBJ_50 /* SwiftMethodParser.swift */,
				OBJ_51 /* SwiftParser.swift */,
				OBJ_52 /* SwiftProtocolParser.swift */,
			);
			path = Swift;
			sourceTree = "<group>";
		};
		OBJ_5 /*  */ = {
			isa = PBXGroup;
			children = (
				OBJ_6 /* Package.swift */,
				OBJ_7 /* Sources */,
				OBJ_80 /* Tests */,
				OBJ_91 /* StencilTemplate */,
				OBJ_92 /* DrafterTests */,
				OBJ_93 /* Template */,
				OBJ_94 /* Dependencies */,
				OBJ_98 /* Products */,
			);
			name = "";
			sourceTree = "<group>";
		};
		OBJ_54 /* Thirdparty */ = {
			isa = PBXGroup;
			children = (
				OBJ_55 /* CommandLineKit */,
				OBJ_59 /* Runes */,
				OBJ_72 /* SwiftHash */,
			);
			path = Thirdparty;
			sourceTree = "<group>";
		};
		OBJ_55 /* CommandLineKit */ = {
			isa = PBXGroup;
			children = (
				OBJ_56 /* CommandLine.swift */,
				OBJ_57 /* Option.swift */,
				OBJ_58 /* StringExtensions.swift */,
			);
			path = CommandLineKit;
			sourceTree = "<group>";
		};
		OBJ_59 /* Runes */ = {
			isa = PBXGroup;
			children = (
				OBJ_60 /* Array */,
				OBJ_65 /* Curry.swift */,
				OBJ_66 /* Optional */,
				OBJ_71 /* Runes.swift */,
			);
			path = Runes;
			sourceTree = "<group>";
		};
		OBJ_60 /* Array */ = {
			isa = PBXGroup;
			children = (
				OBJ_61 /* Array+Alternative.swift */,
				OBJ_62 /* Array+Applicative.swift */,
				OBJ_63 /* Array+Functor.swift */,
				OBJ_64 /* Array+Monad.swift */,
			);
			path = Array;
			sourceTree = "<group>";
		};
		OBJ_66 /* Optional */ = {
			isa = PBXGroup;
			children = (
				OBJ_67 /* Optional+Alternative.swift */,
				OBJ_68 /* Optional+Applicative.swift */,
				OBJ_69 /* Optional+Functor.swift */,
				OBJ_70 /* Optional+Monad.swift */,
			);
			path = Optional;
			sourceTree = "<group>";
		};
		OBJ_7 /* Sources */ = {
			isa = PBXGroup;
			children = (
				OBJ_8 /* drafter */,
			);
			name = Sources;
			sourceTree = SOURCE_ROOT;
		};
		OBJ_72 /* SwiftHash */ = {
			isa = PBXGroup;
			children = (
				OBJ_73 /* MD5.swift */,
			);
			path = SwiftHash;
			sourceTree = "<group>";
		};
		OBJ_74 /* Utils */ = {
			isa = PBXGroup;
			children = (
				OBJ_75 /* Array+Extension.swift */,
				OBJ_76 /* AutoCodable.swift */,
				OBJ_77 /* Path+Extension.swift */,
				OBJ_78 /* String+Extension.swift */,
			);
			path = Utils;
			sourceTree = "<group>";
		};
		OBJ_8 /* drafter */ = {
			isa = PBXGroup;
			children = (
				OBJ_9 /* AST */,
				OBJ_16 /* AutoGenerated */,
				OBJ_18 /* Drafter.swift */,
				OBJ_19 /* Generator */,
				OBJ_22 /* Lexer */,
				OBJ_27 /* Parser */,
				OBJ_53 /* ParserRunner.swift */,
				OBJ_54 /* Thirdparty */,
				OBJ_74 /* Utils */,
				OBJ_79 /* main.swift */,
			);
			name = drafter;
			path = Sources/drafter;
			sourceTree = SOURCE_ROOT;
		};
		OBJ_80 /* Tests */ = {
			isa = PBXGroup;
			children = (
				OBJ_81 /* DrafterTests */,
			);
			name = Tests;
			sourceTree = SOURCE_ROOT;
		};
		OBJ_81 /* DrafterTests */ = {
			isa = PBXGroup;
			children = (
				OBJ_82 /* CombinatorTest.swift */,
				OBJ_83 /* ImplementationTest.swift */,
				OBJ_84 /* InterfaceTest.swift */,
				OBJ_85 /* OCMethodTest.swift */,
				OBJ_86 /* OCMsgSendTest.swift */,
				OBJ_87 /* SwiftClassParserTest.swift */,
				OBJ_88 /* SwiftMethodInvokeTest.swift */,
				OBJ_89 /* SwiftMethodTest.swift */,
				OBJ_90 /* SwiftProtocolParserTest.swift */,
			);
			name = DrafterTests;
			path = Tests/DrafterTests;
			sourceTree = SOURCE_ROOT;
		};
		OBJ_9 /* AST */ = {
			isa = PBXGroup;
			children = (
				OBJ_10 /* ClassNode.swift */,
				OBJ_11 /* ImplementationNode.swift */,
				OBJ_12 /* InterfaceNode.swift */,
				OBJ_13 /* MethodInvokeNode.swift */,
				OBJ_14 /* MethodNode.swift */,
				OBJ_15 /* ProtocolNode.swift */,
			);
			path = AST;
			sourceTree = "<group>";
		};
		OBJ_94 /* Dependencies */ = {
			isa = PBXGroup;
			children = (
				OBJ_95 /* PathKit 0.9.1 */,
			);
			name = Dependencies;
			sourceTree = "<group>";
		};
		OBJ_95 /* PathKit 0.9.1 */ = {
			isa = PBXGroup;
			children = (
				OBJ_96 /* Package.swift */,
				OBJ_97 /* PathKit.swift */,
			);
			name = "PathKit 0.9.1";
			path = ".build/checkouts/PathKit.git--1865447967743163058/Sources";
			sourceTree = SOURCE_ROOT;
		};
		OBJ_98 /* Products */ = {
			isa = PBXGroup;
			children = (
				"drafter::drafter::Product" /* drafter */,
				"drafter::DrafterTests::Product" /* DrafterTests.xctest */,
				"PathKit::PathKit::Product" /* PathKit.framework */,
			);
			name = Products;
			sourceTree = BUILT_PRODUCTS_DIR;
		};
/* End PBXGroup section */

/* Begin PBXNativeTarget section */
		"PathKit::PathKit" /* PathKit */ = {
			isa = PBXNativeTarget;
			buildConfigurationList = OBJ_122 /* Build configuration list for PBXNativeTarget "PathKit" */;
			buildPhases = (
				OBJ_125 /* Sources */,
				OBJ_127 /* Frameworks */,
			);
			buildRules = (
			);
			dependencies = (
			);
			name = PathKit;
			productName = PathKit;
			productReference = "PathKit::PathKit::Product" /* PathKit.framework */;
			productType = "com.apple.product-type.framework";
		};
		"PathKit::SwiftPMPackageDescription" /* PathKitPackageDescription */ = {
			isa = PBXNativeTarget;
			buildConfigurationList = OBJ_129 /* Build configuration list for PBXNativeTarget "PathKitPackageDescription" */;
			buildPhases = (
				OBJ_132 /* Sources */,
			);
			buildRules = (
			);
			dependencies = (
			);
			name = PathKitPackageDescription;
			productName = PathKitPackageDescription;
			productType = "com.apple.product-type.framework";
		};
		"drafter::DrafterTests" /* DrafterTests */ = {
			isa = PBXNativeTarget;
			buildConfigurationList = OBJ_103 /* Build configuration list for PBXNativeTarget "DrafterTests" */;
			buildPhases = (
				OBJ_106 /* Sources */,
				OBJ_116 /* Frameworks */,
			);
			buildRules = (
			);
			dependencies = (
				OBJ_118 /* PBXTargetDependency */,
				OBJ_120 /* PBXTargetDependency */,
			);
			name = DrafterTests;
			productName = DrafterTests;
			productReference = "drafter::DrafterTests::Product" /* DrafterTests.xctest */;
			productType = "com.apple.product-type.bundle.unit-test";
		};
		"drafter::SwiftPMPackageDescription" /* drafterPackageDescription */ = {
			isa = PBXNativeTarget;
			buildConfigurationList = OBJ_196 /* Build configuration list for PBXNativeTarget "drafterPackageDescription" */;
			buildPhases = (
				OBJ_199 /* Sources */,
			);
			buildRules = (
			);
			dependencies = (
			);
			name = drafterPackageDescription;
			productName = drafterPackageDescription;
			productType = "com.apple.product-type.framework";
		};
		"drafter::drafter" /* drafter */ = {
			isa = PBXNativeTarget;
			buildConfigurationList = OBJ_134 /* Build configuration list for PBXNativeTarget "drafter" */;
			buildPhases = (
				OBJ_137 /* Sources */,
				OBJ_192 /* Frameworks */,
			);
			buildRules = (
			);
			dependencies = (
				OBJ_194 /* PBXTargetDependency */,
			);
			name = drafter;
			productName = drafter;
			productReference = "drafter::drafter::Product" /* drafter */;
			productType = "com.apple.product-type.tool";
		};
/* End PBXNativeTarget section */

/* Begin PBXProject section */
		OBJ_1 /* Project object */ = {
			isa = PBXProject;
			attributes = {
				LastUpgradeCheck = 9999;
			};
			buildConfigurationList = OBJ_2 /* Build configuration list for PBXProject "drafter" */;
			compatibilityVersion = "Xcode 3.2";
			developmentRegion = English;
			hasScannedForEncodings = 0;
			knownRegions = (
				en,
			);
			mainGroup = OBJ_5 /*  */;
			productRefGroup = OBJ_98 /* Products */;
			projectDirPath = "";
			projectRoot = "";
			targets = (
				"drafter::DrafterTests" /* DrafterTests */,
				"PathKit::PathKit" /* PathKit */,
				"PathKit::SwiftPMPackageDescription" /* PathKitPackageDescription */,
				"drafter::drafter" /* drafter */,
				"drafter::SwiftPMPackageDescription" /* drafterPackageDescription */,
				"drafter::drafterPackageTests::ProductTarget" /* drafterPackageTests */,
			);
		};
/* End PBXProject section */

/* Begin PBXSourcesBuildPhase section */
		OBJ_106 /* Sources */ = {
			isa = PBXSourcesBuildPhase;
			buildActionMask = 0;
			files = (
				OBJ_107 /* CombinatorTest.swift in Sources */,
				OBJ_108 /* ImplementationTest.swift in Sources */,
				OBJ_109 /* InterfaceTest.swift in Sources */,
				OBJ_110 /* OCMethodTest.swift in Sources */,
				OBJ_111 /* OCMsgSendTest.swift in Sources */,
				OBJ_112 /* SwiftClassParserTest.swift in Sources */,
				OBJ_113 /* SwiftMethodInvokeTest.swift in Sources */,
				OBJ_114 /* SwiftMethodTest.swift in Sources */,
				OBJ_115 /* SwiftProtocolParserTest.swift in Sources */,
			);
			runOnlyForDeploymentPostprocessing = 0;
		};
		OBJ_125 /* Sources */ = {
			isa = PBXSourcesBuildPhase;
			buildActionMask = 0;
			files = (
				OBJ_126 /* PathKit.swift in Sources */,
			);
			runOnlyForDeploymentPostprocessing = 0;
		};
		OBJ_132 /* Sources */ = {
			isa = PBXSourcesBuildPhase;
			buildActionMask = 0;
			files = (
				OBJ_133 /* Package.swift in Sources */,
			);
			runOnlyForDeploymentPostprocessing = 0;
		};
		OBJ_137 /* Sources */ = {
			isa = PBXSourcesBuildPhase;
			buildActionMask = 0;
			files = (
				OBJ_138 /* ClassNode.swift in Sources */,
				OBJ_139 /* ImplementationNode.swift in Sources */,
				OBJ_140 /* InterfaceNode.swift in Sources */,
				OBJ_141 /* MethodInvokeNode.swift in Sources */,
				OBJ_142 /* MethodNode.swift in Sources */,
				OBJ_143 /* ProtocolNode.swift in Sources */,
				OBJ_144 /* CodableExtension.swift in Sources */,
				OBJ_145 /* Drafter.swift in Sources */,
				OBJ_146 /* DotGenerator.swift in Sources */,
				OBJ_147 /* Executor.swift in Sources */,
				OBJ_148 /* Lexer.swift in Sources */,
				OBJ_149 /* SourceLexer.swift in Sources */,
				OBJ_150 /* Token.swift in Sources */,
				OBJ_151 /* TokenLexer.swift in Sources */,
				OBJ_152 /* Alternative.swift in Sources */,
				OBJ_153 /* Applicative.swift in Sources */,
				OBJ_154 /* Extensions.swift in Sources */,
				OBJ_155 /* Functor.swift in Sources */,
				OBJ_156 /* Monad.swift in Sources */,
				OBJ_157 /* Operator.swift in Sources */,
				OBJ_158 /* Parser.swift in Sources */,
				OBJ_159 /* ParserResult.swift in Sources */,
				OBJ_160 /* ParserType.swift in Sources */,
				OBJ_161 /* FileParser.swift in Sources */,
				OBJ_162 /* FileParserResult.swift in Sources */,
				OBJ_163 /* ImplementationParser.swift in Sources */,
				OBJ_164 /* InterfaceParser.swift in Sources */,
				OBJ_165 /* ObjcMessageParser.swift in Sources */,
				OBJ_166 /* ObjcMethodParser.swift in Sources */,
				OBJ_167 /* SwiftClassParser.swift in Sources */,
				OBJ_168 /* SwiftInvokeParser.swift in Sources */,
				OBJ_169 /* SwiftMethodParser.swift in Sources */,
				OBJ_170 /* SwiftParser.swift in Sources */,
				OBJ_171 /* SwiftProtocolParser.swift in Sources */,
				OBJ_172 /* ParserRunner.swift in Sources */,
				OBJ_173 /* CommandLine.swift in Sources */,
				OBJ_174 /* Option.swift in Sources */,
				OBJ_175 /* StringExtensions.swift in Sources */,
				OBJ_176 /* Array+Alternative.swift in Sources */,
				OBJ_177 /* Array+Applicative.swift in Sources */,
				OBJ_178 /* Array+Functor.swift in Sources */,
				OBJ_179 /* Array+Monad.swift in Sources */,
				OBJ_180 /* Curry.swift in Sources */,
				OBJ_181 /* Optional+Alternative.swift in Sources */,
				OBJ_182 /* Optional+Applicative.swift in Sources */,
				OBJ_183 /* Optional+Functor.swift in Sources */,
				OBJ_184 /* Optional+Monad.swift in Sources */,
				OBJ_185 /* Runes.swift in Sources */,
				OBJ_186 /* MD5.swift in Sources */,
				OBJ_187 /* Array+Extension.swift in Sources */,
				OBJ_188 /* AutoCodable.swift in Sources */,
				OBJ_189 /* Path+Extension.swift in Sources */,
				OBJ_190 /* String+Extension.swift in Sources */,
				OBJ_191 /* main.swift in Sources */,
			);
			runOnlyForDeploymentPostprocessing = 0;
		};
		OBJ_199 /* Sources */ = {
			isa = PBXSourcesBuildPhase;
			buildActionMask = 0;
			files = (
				OBJ_200 /* Package.swift in Sources */,
			);
			runOnlyForDeploymentPostprocessing = 0;
		};
/* End PBXSourcesBuildPhase section */

/* Begin PBXTargetDependency section */
		OBJ_118 /* PBXTargetDependency */ = {
			isa = PBXTargetDependency;
			target = "drafter::drafter" /* drafter */;
			targetProxy = 60D4DD0C20CF6B03004C6761 /* PBXContainerItemProxy */;
		};
		OBJ_120 /* PBXTargetDependency */ = {
			isa = PBXTargetDependency;
			target = "PathKit::PathKit" /* PathKit */;
			targetProxy = 60D4DD0D20CF6B03004C6761 /* PBXContainerItemProxy */;
		};
		OBJ_194 /* PBXTargetDependency */ = {
			isa = PBXTargetDependency;
			target = "PathKit::PathKit" /* PathKit */;
			targetProxy = 60D4DD0B20CF6B03004C6761 /* PBXContainerItemProxy */;
		};
		OBJ_205 /* PBXTargetDependency */ = {
			isa = PBXTargetDependency;
			target = "drafter::DrafterTests" /* DrafterTests */;
			targetProxy = 60D4DD0E20CF6B03004C6761 /* PBXContainerItemProxy */;
		};
/* End PBXTargetDependency section */

/* Begin XCBuildConfiguration section */
		OBJ_104 /* Debug */ = {
			isa = XCBuildConfiguration;
			buildSettings = {
				EMBEDDED_CONTENT_CONTAINS_SWIFT = YES;
				FRAMEWORK_SEARCH_PATHS = (
					"$(inherited)",
					"$(PLATFORM_DIR)/Developer/Library/Frameworks",
				);
				HEADER_SEARCH_PATHS = "$(inherited)";
				INFOPLIST_FILE = drafter.xcodeproj/DrafterTests_Info.plist;
				LD_RUNPATH_SEARCH_PATHS = "$(inherited) @loader_path/../Frameworks @loader_path/Frameworks";
				OTHER_CFLAGS = "$(inherited)";
				OTHER_LDFLAGS = "$(inherited)";
				OTHER_SWIFT_FLAGS = "$(inherited)";
				SWIFT_VERSION = 4.0;
				TARGET_NAME = DrafterTests;
			};
			name = Debug;
		};
		OBJ_105 /* Release */ = {
			isa = XCBuildConfiguration;
			buildSettings = {
				EMBEDDED_CONTENT_CONTAINS_SWIFT = YES;
				FRAMEWORK_SEARCH_PATHS = (
					"$(inherited)",
					"$(PLATFORM_DIR)/Developer/Library/Frameworks",
				);
				HEADER_SEARCH_PATHS = "$(inherited)";
				INFOPLIST_FILE = drafter.xcodeproj/DrafterTests_Info.plist;
				LD_RUNPATH_SEARCH_PATHS = "$(inherited) @loader_path/../Frameworks @loader_path/Frameworks";
				OTHER_CFLAGS = "$(inherited)";
				OTHER_LDFLAGS = "$(inherited)";
				OTHER_SWIFT_FLAGS = "$(inherited)";
				SWIFT_VERSION = 4.0;
				TARGET_NAME = DrafterTests;
			};
			name = Release;
		};
		OBJ_123 /* Debug */ = {
			isa = XCBuildConfiguration;
			buildSettings = {
				ENABLE_TESTABILITY = YES;
				FRAMEWORK_SEARCH_PATHS = (
					"$(inherited)",
					"$(PLATFORM_DIR)/Developer/Library/Frameworks",
				);
				HEADER_SEARCH_PATHS = "$(inherited)";
				INFOPLIST_FILE = drafter.xcodeproj/PathKit_Info.plist;
				LD_RUNPATH_SEARCH_PATHS = "$(inherited) $(TOOLCHAIN_DIR)/usr/lib/swift/macosx";
				OTHER_CFLAGS = "$(inherited)";
				OTHER_LDFLAGS = "$(inherited)";
				OTHER_SWIFT_FLAGS = "$(inherited)";
				PRODUCT_BUNDLE_IDENTIFIER = PathKit;
				PRODUCT_MODULE_NAME = "$(TARGET_NAME:c99extidentifier)";
				PRODUCT_NAME = "$(TARGET_NAME:c99extidentifier)";
				SKIP_INSTALL = YES;
				SWIFT_VERSION = 4.0;
				TARGET_NAME = PathKit;
			};
			name = Debug;
		};
		OBJ_124 /* Release */ = {
			isa = XCBuildConfiguration;
			buildSettings = {
				ENABLE_TESTABILITY = YES;
				FRAMEWORK_SEARCH_PATHS = (
					"$(inherited)",
					"$(PLATFORM_DIR)/Developer/Library/Frameworks",
				);
				HEADER_SEARCH_PATHS = "$(inherited)";
				INFOPLIST_FILE = drafter.xcodeproj/PathKit_Info.plist;
				LD_RUNPATH_SEARCH_PATHS = "$(inherited) $(TOOLCHAIN_DIR)/usr/lib/swift/macosx";
				OTHER_CFLAGS = "$(inherited)";
				OTHER_LDFLAGS = "$(inherited)";
				OTHER_SWIFT_FLAGS = "$(inherited)";
				PRODUCT_BUNDLE_IDENTIFIER = PathKit;
				PRODUCT_MODULE_NAME = "$(TARGET_NAME:c99extidentifier)";
				PRODUCT_NAME = "$(TARGET_NAME:c99extidentifier)";
				SKIP_INSTALL = YES;
				SWIFT_VERSION = 4.0;
				TARGET_NAME = PathKit;
			};
			name = Release;
		};
		OBJ_130 /* Debug */ = {
			isa = XCBuildConfiguration;
			buildSettings = {
				LD = /usr/bin/true;
				OTHER_SWIFT_FLAGS = "-swift-version 4 -I $(TOOLCHAIN_DIR)/usr/lib/swift/pm/4 -target x86_64-apple-macosx10.10 -sdk /Applications/Xcode.app/Contents/Developer/Platforms/MacOSX.platform/Developer/SDKs/MacOSX10.13.sdk";
				SWIFT_VERSION = 4.0;
			};
			name = Debug;
		};
		OBJ_131 /* Release */ = {
			isa = XCBuildConfiguration;
			buildSettings = {
				LD = /usr/bin/true;
				OTHER_SWIFT_FLAGS = "-swift-version 4 -I $(TOOLCHAIN_DIR)/usr/lib/swift/pm/4 -target x86_64-apple-macosx10.10 -sdk /Applications/Xcode.app/Contents/Developer/Platforms/MacOSX.platform/Developer/SDKs/MacOSX10.13.sdk";
				SWIFT_VERSION = 4.0;
			};
			name = Release;
		};
		OBJ_135 /* Debug */ = {
			isa = XCBuildConfiguration;
			buildSettings = {
				FRAMEWORK_SEARCH_PATHS = (
					"$(inherited)",
					"$(PLATFORM_DIR)/Developer/Library/Frameworks",
				);
				HEADER_SEARCH_PATHS = "$(inherited)";
				INFOPLIST_FILE = drafter.xcodeproj/drafter_Info.plist;
				LD_RUNPATH_SEARCH_PATHS = "$(inherited) $(TOOLCHAIN_DIR)/usr/lib/swift/macosx @executable_path";
				OTHER_CFLAGS = "$(inherited)";
				OTHER_LDFLAGS = "$(inherited)";
				OTHER_SWIFT_FLAGS = "$(inherited)";
				SWIFT_FORCE_DYNAMIC_LINK_STDLIB = YES;
				SWIFT_FORCE_STATIC_LINK_STDLIB = NO;
				SWIFT_VERSION = 4.0;
				TARGET_NAME = drafter;
			};
			name = Debug;
		};
		OBJ_136 /* Release */ = {
			isa = XCBuildConfiguration;
			buildSettings = {
				FRAMEWORK_SEARCH_PATHS = (
					"$(inherited)",
					"$(PLATFORM_DIR)/Developer/Library/Frameworks",
				);
				HEADER_SEARCH_PATHS = "$(inherited)";
				INFOPLIST_FILE = drafter.xcodeproj/drafter_Info.plist;
				LD_RUNPATH_SEARCH_PATHS = "$(inherited) $(TOOLCHAIN_DIR)/usr/lib/swift/macosx @executable_path";
				OTHER_CFLAGS = "$(inherited)";
				OTHER_LDFLAGS = "$(inherited)";
				OTHER_SWIFT_FLAGS = "$(inherited)";
				SWIFT_FORCE_DYNAMIC_LINK_STDLIB = YES;
				SWIFT_FORCE_STATIC_LINK_STDLIB = NO;
				SWIFT_VERSION = 4.0;
				TARGET_NAME = drafter;
			};
			name = Release;
		};
		OBJ_197 /* Debug */ = {
			isa = XCBuildConfiguration;
			buildSettings = {
				LD = /usr/bin/true;
				OTHER_SWIFT_FLAGS = "-swift-version 4 -I $(TOOLCHAIN_DIR)/usr/lib/swift/pm/4 -target x86_64-apple-macosx10.10 -sdk /Applications/Xcode.app/Contents/Developer/Platforms/MacOSX.platform/Developer/SDKs/MacOSX10.13.sdk";
				SWIFT_VERSION = 4.0;
			};
			name = Debug;
		};
		OBJ_198 /* Release */ = {
			isa = XCBuildConfiguration;
			buildSettings = {
				LD = /usr/bin/true;
				OTHER_SWIFT_FLAGS = "-swift-version 4 -I $(TOOLCHAIN_DIR)/usr/lib/swift/pm/4 -target x86_64-apple-macosx10.10 -sdk /Applications/Xcode.app/Contents/Developer/Platforms/MacOSX.platform/Developer/SDKs/MacOSX10.13.sdk";
				SWIFT_VERSION = 4.0;
			};
			name = Release;
		};
		OBJ_203 /* Debug */ = {
			isa = XCBuildConfiguration;
			buildSettings = {
			};
			name = Debug;
		};
		OBJ_204 /* Release */ = {
			isa = XCBuildConfiguration;
			buildSettings = {
			};
			name = Release;
		};
		OBJ_3 /* Debug */ = {
			isa = XCBuildConfiguration;
			buildSettings = {
				CLANG_ENABLE_OBJC_ARC = YES;
				COMBINE_HIDPI_IMAGES = YES;
				COPY_PHASE_STRIP = NO;
				DEBUG_INFORMATION_FORMAT = dwarf;
				DYLIB_INSTALL_NAME_BASE = "@rpath";
				ENABLE_NS_ASSERTIONS = YES;
				GCC_OPTIMIZATION_LEVEL = 0;
				MACOSX_DEPLOYMENT_TARGET = 10.10;
				ONLY_ACTIVE_ARCH = YES;
				OTHER_SWIFT_FLAGS = "-DXcode";
				PRODUCT_NAME = "$(TARGET_NAME)";
				SDKROOT = macosx;
				SUPPORTED_PLATFORMS = "macosx iphoneos iphonesimulator appletvos appletvsimulator watchos watchsimulator";
				SWIFT_ACTIVE_COMPILATION_CONDITIONS = SWIFT_PACKAGE;
				SWIFT_OPTIMIZATION_LEVEL = "-Onone";
				USE_HEADERMAP = NO;
			};
			name = Debug;
		};
		OBJ_4 /* Release */ = {
			isa = XCBuildConfiguration;
			buildSettings = {
				CLANG_ENABLE_OBJC_ARC = YES;
				COMBINE_HIDPI_IMAGES = YES;
				COPY_PHASE_STRIP = YES;
				DEBUG_INFORMATION_FORMAT = "dwarf-with-dsym";
				DYLIB_INSTALL_NAME_BASE = "@rpath";
				GCC_OPTIMIZATION_LEVEL = s;
				MACOSX_DEPLOYMENT_TARGET = 10.10;
				OTHER_SWIFT_FLAGS = "-DXcode";
				PRODUCT_NAME = "$(TARGET_NAME)";
				SDKROOT = macosx;
				SUPPORTED_PLATFORMS = "macosx iphoneos iphonesimulator appletvos appletvsimulator watchos watchsimulator";
				SWIFT_ACTIVE_COMPILATION_CONDITIONS = SWIFT_PACKAGE;
				SWIFT_OPTIMIZATION_LEVEL = "-Owholemodule";
				USE_HEADERMAP = NO;
			};
			name = Release;
		};
/* End XCBuildConfiguration section */

/* Begin XCConfigurationList section */
		OBJ_103 /* Build configuration list for PBXNativeTarget "DrafterTests" */ = {
			isa = XCConfigurationList;
			buildConfigurations = (
				OBJ_104 /* Debug */,
				OBJ_105 /* Release */,
			);
			defaultConfigurationIsVisible = 0;
			defaultConfigurationName = Release;
		};
		OBJ_122 /* Build configuration list for PBXNativeTarget "PathKit" */ = {
			isa = XCConfigurationList;
			buildConfigurations = (
				OBJ_123 /* Debug */,
				OBJ_124 /* Release */,
			);
			defaultConfigurationIsVisible = 0;
			defaultConfigurationName = Release;
		};
		OBJ_129 /* Build configuration list for PBXNativeTarget "PathKitPackageDescription" */ = {
			isa = XCConfigurationList;
			buildConfigurations = (
				OBJ_130 /* Debug */,
				OBJ_131 /* Release */,
			);
			defaultConfigurationIsVisible = 0;
			defaultConfigurationName = Release;
		};
		OBJ_134 /* Build configuration list for PBXNativeTarget "drafter" */ = {
			isa = XCConfigurationList;
			buildConfigurations = (
				OBJ_135 /* Debug */,
				OBJ_136 /* Release */,
			);
			defaultConfigurationIsVisible = 0;
			defaultConfigurationName = Release;
		};
		OBJ_196 /* Build configuration list for PBXNativeTarget "drafterPackageDescription" */ = {
			isa = XCConfigurationList;
			buildConfigurations = (
				OBJ_197 /* Debug */,
				OBJ_198 /* Release */,
			);
			defaultConfigurationIsVisible = 0;
			defaultConfigurationName = Release;
		};
		OBJ_2 /* Build configuration list for PBXProject "drafter" */ = {
			isa = XCConfigurationList;
			buildConfigurations = (
				OBJ_3 /* Debug */,
				OBJ_4 /* Release */,
			);
			defaultConfigurationIsVisible = 0;
			defaultConfigurationName = Release;
		};
		OBJ_202 /* Build configuration list for PBXAggregateTarget "drafterPackageTests" */ = {
			isa = XCConfigurationList;
			buildConfigurations = (
				OBJ_203 /* Debug */,
				OBJ_204 /* Release */,
			);
			defaultConfigurationIsVisible = 0;
			defaultConfigurationName = Release;
		};
/* End XCConfigurationList section */
	};
	rootObject = OBJ_1 /* Project object */;
}
